
Microsoft Visual Studio Solution File, Format Version 12.00
# Visual Studio Version 17
VisualStudioVersion = 17.7.34009.444
MinimumVisualStudioVersion = 10.0.40219.1
Project("{FAE04EC0-301F-11D3-BF4B-00C04F79EFBC}") = "TextFromTestDetailSummary", "TextFromTestDetailSummary\TextFromTestDetailSummary.csproj", "{FC377DED-2D83-4CF2-B9A7-B680BC09F65E}"
EndProject
Global
	GlobalSection(SolutionConfigurationPlatforms) = preSolution
		Debug|Any CPU = Debug|Any CPU
		Release|Any CPU = Release|Any CPU
	EndGlobalSection
	GlobalSection(ProjectConfigurationPlatforms) = postSolution
		{FC377DED-2D83-4CF2-B9A7-B680BC09F65E}.Debug|Any CPU.ActiveCfg = Debug|Any CPU
		{FC377DED-2D83-4CF2-B9A7-B680BC09F65E}.Debug|Any CPU.Build.0 = Debug|Any CPU
		{FC377DED-2D83-4CF2-B9A7-B680BC09F65E}.Release|Any CPU.ActiveCfg = Release|Any CPU
		{FC377DED-2D83-4CF2-B9A7-B680BC09F65E}.Release|Any CPU.Build.0 = Release|Any CPU
	EndGlobalSection
	GlobalSection(SolutionProperties) = preSolution
		HideSolutionNode = FALSE
	EndGlobalSection
	GlobalSection(ExtensibilityGlobals) = postSolution
		SolutionGuid = {093C5C4E-06A6-492C-9EBC-8378072804E5}
	EndGlobalSection
EndGlobal
